// !$*UTF8*$!
{
	archiveVersion = 1;
	classes = {
	};
	objectVersion = 46;
	objects = {

/* Begin PBXBuildFile section */
		5A2A6C151AB1CC4B005900B5 /* main.m in Sources */ = {isa = PBXBuildFile; fileRef = 5A2A6C141AB1CC4B005900B5 /* main.m */; };
		5A2A6C181AB1CC4B005900B5 /* AppDelegate.m in Sources */ = {isa = PBXBuildFile; fileRef = 5A2A6C171AB1CC4B005900B5 /* AppDelegate.m */; };
		5A2A6C1E1AB1CC4B005900B5 /* Main.storyboard in Resources */ = {isa = PBXBuildFile; fileRef = 5A2A6C1C1AB1CC4B005900B5 /* Main.storyboard */; };
		5A2A6C201AB1CC4B005900B5 /* Images.xcassets in Resources */ = {isa = PBXBuildFile; fileRef = 5A2A6C1F1AB1CC4B005900B5 /* Images.xcassets */; };
		5A2A6C231AB1CC4B005900B5 /* LaunchScreen.xib in Resources */ = {isa = PBXBuildFile; fileRef = 5A2A6C211AB1CC4B005900B5 /* LaunchScreen.xib */; };
		5A2A6C2F1AB1CC4B005900B5 /* TodoTests.m in Sources */ = {isa = PBXBuildFile; fileRef = 5A2A6C2E1AB1CC4B005900B5 /* TodoTests.m */; };
		5A2A6C3A1AB1CCFE005900B5 /* TodoItem.m in Sources */ = {isa = PBXBuildFile; fileRef = 5A2A6C391AB1CCFE005900B5 /* TodoItem.m */; };
		5A2A6C401AB1CF19005900B5 /* TodoTableViewController.m in Sources */ = {isa = PBXBuildFile; fileRef = 5A2A6C3F1AB1CF19005900B5 /* TodoTableViewController.m */; };
		5A2A6C431AB1EFE3005900B5 /* PriorityTableViewController.m in Sources */ = {isa = PBXBuildFile; fileRef = 5A2A6C421AB1EFE3005900B5 /* PriorityTableViewController.m */; };
/* End PBXBuildFile section */

/* Begin PBXContainerItemProxy section */
		5A2A6C291AB1CC4B005900B5 /* PBXContainerItemProxy */ = {
			isa = PBXContainerItemProxy;
			containerPortal = 5A2A6C071AB1CC4B005900B5 /* Project object */;
			proxyType = 1;
			remoteGlobalIDString = 5A2A6C0E1AB1CC4B005900B5;
			remoteInfo = Todo;
		};
/* End PBXContainerItemProxy section */

/* Begin PBXFileReference section */
		5A2A6C0F1AB1CC4B005900B5 /* Todo.app */ = {isa = PBXFileReference; explicitFileType = wrapper.application; includeInIndex = 0; path = Todo.app; sourceTree = BUILT_PRODUCTS_DIR; };
		5A2A6C131AB1CC4B005900B5 /* Info.plist */ = {isa = PBXFileReference; lastKnownFileType = text.plist.xml; path = Info.plist; sourceTree = "<group>"; };
		5A2A6C141AB1CC4B005900B5 /* main.m */ = {isa = PBXFileReference; lastKnownFileType = sourcecode.c.objc; path = main.m; sourceTree = "<group>"; };
		5A2A6C161AB1CC4B005900B5 /* AppDelegate.h */ = {isa = PBXFileReference; lastKnownFileType = sourcecode.c.h; path = AppDelegate.h; sourceTree = "<group>"; };
		5A2A6C171AB1CC4B005900B5 /* AppDelegate.m */ = {isa = PBXFileReference; lastKnownFileType = sourcecode.c.objc; path = AppDelegate.m; sourceTree = "<group>"; };
		5A2A6C1D1AB1CC4B005900B5 /* Base */ = {isa = PBXFileReference; lastKnownFileType = file.storyboard; name = Base; path = Base.lproj/Main.storyboard; sourceTree = "<group>"; };
		5A2A6C1F1AB1CC4B005900B5 /* Images.xcassets */ = {isa = PBXFileReference; lastKnownFileType = folder.assetcatalog; path = Images.xcassets; sourceTree = "<group>"; };
		5A2A6C221AB1CC4B005900B5 /* Base */ = {isa = PBXFileReference; lastKnownFileType = file.xib; name = Base; path = Base.lproj/LaunchScreen.xib; sourceTree = "<group>"; };
		5A2A6C281AB1CC4B005900B5 /* TodoTests.xctest */ = {isa = PBXFileReference; explicitFileType = wrapper.cfbundle; includeInIndex = 0; path = TodoTests.xctest; sourceTree = BUILT_PRODUCTS_DIR; };
		5A2A6C2D1AB1CC4B005900B5 /* Info.plist */ = {isa = PBXFileReference; lastKnownFileType = text.plist.xml; path = Info.plist; sourceTree = "<group>"; };
		5A2A6C2E1AB1CC4B005900B5 /* TodoTests.m */ = {isa = PBXFileReference; lastKnownFileType = sourcecode.c.objc; path = TodoTests.m; sourceTree = "<group>"; };
		5A2A6C381AB1CCFE005900B5 /* TodoItem.h */ = {isa = PBXFileReference; fileEncoding = 4; lastKnownFileType = sourcecode.c.h; path = TodoItem.h; sourceTree = "<group>"; };
		5A2A6C391AB1CCFE005900B5 /* TodoItem.m */ = {isa = PBXFileReference; fileEncoding = 4; lastKnownFileType = sourcecode.c.objc; path = TodoItem.m; sourceTree = "<group>"; };
		5A2A6C3E1AB1CF19005900B5 /* TodoTableViewController.h */ = {isa = PBXFileReference; fileEncoding = 4; lastKnownFileType = sourcecode.c.h; path = TodoTableViewController.h; sourceTree = "<group>"; };
		5A2A6C3F1AB1CF19005900B5 /* TodoTableViewController.m */ = {isa = PBXFileReference; fileEncoding = 4; lastKnownFileType = sourcecode.c.objc; path = TodoTableViewController.m; sourceTree = "<group>"; };
		5A2A6C411AB1EFE3005900B5 /* PriorityTableViewController.h */ = {isa = PBXFileReference; fileEncoding = 4; lastKnownFileType = sourcecode.c.h; path = PriorityTableViewController.h; sourceTree = "<group>"; };
		5A2A6C421AB1EFE3005900B5 /* PriorityTableViewController.m */ = {isa = PBXFileReference; fileEncoding = 4; lastKnownFileType = sourcecode.c.objc; path = PriorityTableViewController.m; sourceTree = "<group>"; };
/* End PBXFileReference section */

/* Begin PBXFrameworksBuildPhase section */
		5A2A6C0C1AB1CC4B005900B5 /* Frameworks */ = {
			isa = PBXFrameworksBuildPhase;
			buildActionMask = 2147483647;
			files = (
			);
			runOnlyForDeploymentPostprocessing = 0;
		};
		5A2A6C251AB1CC4B005900B5 /* Frameworks */ = {
			isa = PBXFrameworksBuildPhase;
			buildActionMask = 2147483647;
			files = (
			);
			runOnlyForDeploymentPostprocessing = 0;
		};
/* End PBXFrameworksBuildPhase section */

/* Begin PBXGroup section */
		5A2A6C061AB1CC4B005900B5 = {
			isa = PBXGroup;
			children = (
				5A2A6C111AB1CC4B005900B5 /* TodoTableViewController */,
				5A2A6C2B1AB1CC4B005900B5 /* TodoTests */,
				5A2A6C101AB1CC4B005900B5 /* Products */,
			);
			sourceTree = "<group>";
		};
		5A2A6C101AB1CC4B005900B5 /* Products */ = {
			isa = PBXGroup;
			children = (
				5A2A6C0F1AB1CC4B005900B5 /* Todo.app */,
				5A2A6C281AB1CC4B005900B5 /* TodoTests.xctest */,
			);
			name = Products;
			sourceTree = "<group>";
		};
		5A2A6C111AB1CC4B005900B5 /* TodoTableViewController */ = {
			isa = PBXGroup;
			children = (
				5A2A6C161AB1CC4B005900B5 /* AppDelegate.h */,
				5A2A6C171AB1CC4B005900B5 /* AppDelegate.m */,
				5A2A6C381AB1CCFE005900B5 /* TodoItem.h */,
				5A2A6C391AB1CCFE005900B5 /* TodoItem.m */,
				5A2A6C3E1AB1CF19005900B5 /* TodoTableViewController.h */,
				5A2A6C3F1AB1CF19005900B5 /* TodoTableViewController.m */,
				5A2A6C411AB1EFE3005900B5 /* PriorityTableViewController.h */,
				5A2A6C421AB1EFE3005900B5 /* PriorityTableViewController.m */,
				5A2A6C1C1AB1CC4B005900B5 /* Main.storyboard */,
				5A2A6C1F1AB1CC4B005900B5 /* Images.xcassets */,
				5A2A6C211AB1CC4B005900B5 /* LaunchScreen.xib */,
				5A2A6C121AB1CC4B005900B5 /* Supporting Files */,
			);
			name = TodoTableViewController;
			path = Todo;
			sourceTree = "<group>";
		};
		5A2A6C121AB1CC4B005900B5 /* Supporting Files */ = {
			isa = PBXGroup;
			children = (
				5A2A6C131AB1CC4B005900B5 /* Info.plist */,
				5A2A6C141AB1CC4B005900B5 /* main.m */,
			);
			name = "Supporting Files";
			sourceTree = "<group>";
		};
		5A2A6C2B1AB1CC4B005900B5 /* TodoTests */ = {
			isa = PBXGroup;
			children = (
				5A2A6C2E1AB1CC4B005900B5 /* TodoTests.m */,
				5A2A6C2C1AB1CC4B005900B5 /* Supporting Files */,
			);
			path = TodoTests;
			sourceTree = "<group>";
		};
		5A2A6C2C1AB1CC4B005900B5 /* Supporting Files */ = {
			isa = PBXGroup;
			children = (
				5A2A6C2D1AB1CC4B005900B5 /* Info.plist */,
			);
			name = "Supporting Files";
			sourceTree = "<group>";
		};
/* End PBXGroup section */

/* Begin PBXNativeTarget section */
		5A2A6C0E1AB1CC4B005900B5 /* Todo */ = {
			isa = PBXNativeTarget;
			buildConfigurationList = 5A2A6C321AB1CC4B005900B5 /* Build configuration list for PBXNativeTarget "Todo" */;
			buildPhases = (
				5A2A6C0B1AB1CC4B005900B5 /* Sources */,
				5A2A6C0C1AB1CC4B005900B5 /* Frameworks */,
				5A2A6C0D1AB1CC4B005900B5 /* Resources */,
			);
			buildRules = (
			);
			dependencies = (
			);
			name = Todo;
			productName = Todo;
			productReference = 5A2A6C0F1AB1CC4B005900B5 /* Todo.app */;
			productType = "com.apple.product-type.application";
		};
		5A2A6C271AB1CC4B005900B5 /* TodoTests */ = {
			isa = PBXNativeTarget;
			buildConfigurationList = 5A2A6C351AB1CC4B005900B5 /* Build configuration list for PBXNativeTarget "TodoTests" */;
			buildPhases = (
				5A2A6C241AB1CC4B005900B5 /* Sources */,
				5A2A6C251AB1CC4B005900B5 /* Frameworks */,
				5A2A6C261AB1CC4B005900B5 /* Resources */,
			);
			buildRules = (
			);
			dependencies = (
				5A2A6C2A1AB1CC4B005900B5 /* PBXTargetDependency */,
			);
			name = TodoTests;
			productName = TodoTests;
			productReference = 5A2A6C281AB1CC4B005900B5 /* TodoTests.xctest */;
			productType = "com.apple.product-type.bundle.unit-test";
		};
/* End PBXNativeTarget section */

/* Begin PBXProject section */
		5A2A6C071AB1CC4B005900B5 /* Project object */ = {
			isa = PBXProject;
			attributes = {
				LastUpgradeCheck = 0620;
				ORGANIZATIONNAME = "The Iron Yard";
				TargetAttributes = {
					5A2A6C0E1AB1CC4B005900B5 = {
						CreatedOnToolsVersion = 6.2;
					};
					5A2A6C271AB1CC4B005900B5 = {
						CreatedOnToolsVersion = 6.2;
						TestTargetID = 5A2A6C0E1AB1CC4B005900B5;
					};
				};
			};
			buildConfigurationList = 5A2A6C0A1AB1CC4B005900B5 /* Build configuration list for PBXProject "Todo" */;
			compatibilityVersion = "Xcode 3.2";
			developmentRegion = English;
			hasScannedForEncodings = 0;
			knownRegions = (
				en,
				Base,
			);
			mainGroup = 5A2A6C061AB1CC4B005900B5;
			productRefGroup = 5A2A6C101AB1CC4B005900B5 /* Products */;
			projectDirPath = "";
			projectRoot = "";
			targets = (
				5A2A6C0E1AB1CC4B005900B5 /* Todo */,
				5A2A6C271AB1CC4B005900B5 /* TodoTests */,
			);
		};
/* End PBXProject section */

/* Begin PBXResourcesBuildPhase section */
		5A2A6C0D1AB1CC4B005900B5 /* Resources */ = {
			isa = PBXResourcesBuildPhase;
			buildActionMask = 2147483647;
			files = (
				5A2A6C1E1AB1CC4B005900B5 /* Main.storyboard in Resources */,
				5A2A6C231AB1CC4B005900B5 /* LaunchScreen.xib in Resources */,
				5A2A6C201AB1CC4B005900B5 /* Images.xcassets in Resources */,
			);
			runOnlyForDeploymentPostprocessing = 0;
		};
		5A2A6C261AB1CC4B005900B5 /* Resources */ = {
			isa = PBXResourcesBuildPhase;
			buildActionMask = 2147483647;
			files = (
			);
			runOnlyForDeploymentPostprocessing = 0;
		};
/* End PBXResourcesBuildPhase section */

/* Begin PBXSourcesBuildPhase section */
		5A2A6C0B1AB1CC4B005900B5 /* Sources */ = {
			isa = PBXSourcesBuildPhase;
			buildActionMask = 2147483647;
			files = (
				5A2A6C181AB1CC4B005900B5 /* AppDelegate.m in Sources */,
				5A2A6C401AB1CF19005900B5 /* TodoTableViewController.m in Sources */,
				5A2A6C3A1AB1CCFE005900B5 /* TodoItem.m in Sources */,
				5A2A6C431AB1EFE3005900B5 /* PriorityTableViewController.m in Sources */,
				5A2A6C151AB1CC4B005900B5 /* main.m in Sources */,
			);
			runOnlyForDeploymentPostprocessing = 0;
		};
		5A2A6C241AB1CC4B005900B5 /* Sources */ = {
			isa = PBXSourcesBuildPhase;
			buildActionMask = 2147483647;
			files = (
				5A2A6C2F1AB1CC4B005900B5 /* TodoTests.m in Sources */,
			);
			runOnlyForDeploymentPostprocessing = 0;
		};
/* End PBXSourcesBuildPhase section */

/* Begin PBXTargetDependency section */
		5A2A6C2A1AB1CC4B005900B5 /* PBXTargetDependency */ = {
			isa = PBXTargetDependency;
			target = 5A2A6C0E1AB1CC4B005900B5 /* Todo */;
			targetProxy = 5A2A6C291AB1CC4B005900B5 /* PBXContainerItemProxy */;
		};
/* End PBXTargetDependency section */

/* Begin PBXVariantGroup section */
		5A2A6C1C1AB1CC4B005900B5 /* Main.storyboard */ = {
			isa = PBXVariantGroup;
			children = (
				5A2A6C1D1AB1CC4B005900B5 /* Base */,
			);
			name = Main.storyboard;
			sourceTree = "<group>";
		};
		5A2A6C211AB1CC4B005900B5 /* LaunchScreen.xib */ = {
			isa = PBXVariantGroup;
			children = (
				5A2A6C221AB1CC4B005900B5 /* Base */,
			);
			name = LaunchScreen.xib;
			sourceTree = "<group>";
		};
/* End PBXVariantGroup section */

/* Begin XCBuildConfiguration section */
		5A2A6C301AB1CC4B005900B5 /* Debug */ = {
			isa = XCBuildConfiguration;
			buildSettings = {
				ALWAYS_SEARCH_USER_PATHS = NO;
				CLANG_CXX_LANGUAGE_STANDARD = "gnu++0x";
				CLANG_CXX_LIBRARY = "libc++";
				CLANG_ENABLE_MODULES = YES;
				CLANG_ENABLE_OBJC_ARC = YES;
				CLANG_WARN_BOOL_CONVERSION = YES;
				CLANG_WARN_CONSTANT_CONVERSION = YES;
				CLANG_WARN_DIRECT_OBJC_ISA_USAGE = YES_ERROR;
				CLANG_WARN_EMPTY_BODY = YES;
				CLANG_WARN_ENUM_CONVERSION = YES;
				CLANG_WARN_INT_CONVERSION = YES;
				CLANG_WARN_OBJC_ROOT_CLASS = YES_ERROR;
				CLANG_WARN_UNREACHABLE_CODE = YES;
				CLANG_WARN__DUPLICATE_METHOD_MATCH = YES;
				"CODE_SIGN_IDENTITY[sdk=iphoneos*]" = "iPhone Developer";
				COPY_PHASE_STRIP = NO;
				ENABLE_STRICT_OBJC_MSGSEND = YES;
				GCC_C_LANGUAGE_STANDARD = gnu99;
				GCC_DYNAMIC_NO_PIC = NO;
				GCC_OPTIMIZATION_LEVEL = 0;
				GCC_PREPROCESSOR_DEFINITIONS = (
					"DEBUG=1",
					"$(inherited)",
				);
				GCC_SYMBOLS_PRIVATE_EXTERN = NO;
				GCC_WARN_64_TO_32_BIT_CONVERSION = YES;
				GCC_WARN_ABOUT_RETURN_TYPE = YES_ERROR;
				GCC_WARN_UNDECLARED_SELECTOR = YES;
				GCC_WARN_UNINITIALIZED_AUTOS = YES_AGGRESSIVE;
				GCC_WARN_UNUSED_FUNCTION = YES;
				GCC_WARN_UNUSED_VARIABLE = YES;
				IPHONEOS_DEPLOYMENT_TARGET = 8.2;
				MTL_ENABLE_DEBUG_INFO = YES;
				ONLY_ACTIVE_ARCH = YES;
				SDKROOT = iphoneos;
				TARGETED_DEVICE_FAMILY = "1,2";
			};
			name = Debug;
		};
		5A2A6C311AB1CC4B005900B5 /* Release */ = {
			isa = XCBuildConfiguration;
			buildSettings = {
				ALWAYS_SEARCH_USER_PATHS = NO;
				CLANG_CXX_LANGUAGE_STANDARD = "gnu++0x";
				CLANG_CXX_LIBRARY = "libc++";
				CLANG_ENABLE_MODULES = YES;
				CLANG_ENABLE_OBJC_ARC = YES;
				CLANG_WARN_BOOL_CONVERSION = YES;
				CLANG_WARN_CONSTANT_CONVERSION = YES;
				CLANG_WARN_DIRECT_OBJC_ISA_USAGE = YES_ERROR;
				CLANG_WARN_EMPTY_BODY = YES;
				CLANG_WARN_ENUM_CONVERSION = YES;
				CLANG_WARN_INT_CONVERSION = YES;
				CLANG_WARN_OBJC_ROOT_CLASS = YES_ERROR;
				CLANG_WARN_UNREACHABLE_CODE = YES;
				CLANG_WARN__DUPLICATE_METHOD_MATCH = YES;
				"CODE_SIGN_IDENTITY[sdk=iphoneos*]" = "iPhone Developer";
				COPY_PHASE_STRIP = NO;
				ENABLE_NS_ASSERTIONS = NO;
				ENABLE_STRICT_OBJC_MSGSEND = YES;
				GCC_C_LANGUAGE_STANDARD = gnu99;
				GCC_WARN_64_TO_32_BIT_CONVERSION = YES;
				GCC_WARN_ABOUT_RETURN_TYPE = YES_ERROR;
				GCC_WARN_UNDECLARED_SELECTOR = YES;
				GCC_WARN_UNINITIALIZED_AUTOS = YES_AGGRESSIVE;
				GCC_WARN_UNUSED_FUNCTION = YES;
				GCC_WARN_UNUSED_VARIABLE = YES;
				IPHONEOS_DEPLOYMENT_TARGET = 8.2;
				MTL_ENABLE_DEBUG_INFO = NO;
				SDKROOT = iphoneos;
				TARGETED_DEVICE_FAMILY = "1,2";
				VALIDATE_PRODUCT = YES;
			};
			name = Release;
		};
		5A2A6C331AB1CC4B005900B5 /* Debug */ = {
			isa = XCBuildConfiguration;
			buildSettings = {
				ASSETCATALOG_COMPILER_APPICON_NAME = AppIcon;
				INFOPLIST_FILE = Todo/Info.plist;
				LD_RUNPATH_SEARCH_PATHS = "$(inherited) @executable_path/Frameworks";
				PRODUCT_NAME = "$(TARGET_NAME)";
			};
			name = Debug;
		};
		5A2A6C341AB1CC4B005900B5 /* Release */ = {
			isa = XCBuildConfiguration;
			buildSettings = {
				ASSETCATALOG_COMPILER_APPICON_NAME = AppIcon;
				INFOPLIST_FILE = Todo/Info.plist;
				LD_RUNPATH_SEARCH_PATHS = "$(inherited) @executable_path/Frameworks";
				PRODUCT_NAME = "$(TARGET_NAME)";
			};
			name = Release;
		};
		5A2A6C361AB1CC4B005900B5 /* Debug */ = {
			isa = XCBuildConfiguration;
			buildSettings = {
				BUNDLE_LOADER = "$(TEST_HOST)";
				FRAMEWORK_SEARCH_PATHS = (
					"$(SDKROOT)/Developer/Library/Frameworks",
					"$(inherited)",
				);
				GCC_PREPROCESSOR_DEFINITIONS = (
					"DEBUG=1",
					"$(inherited)",
				);
				INFOPLIST_FILE = TodoTests/Info.plist;
				LD_RUNPATH_SEARCH_PATHS = "$(inherited) @executable_path/Frameworks @loader_path/Frameworks";
				PRODUCT_NAME = "$(TARGET_NAME)";
				TEST_HOST = "$(BUILT_PRODUCTS_DIR)/Todo.app/Todo";
			};
			name = Debug;
		};
		5A2A6C371AB1CC4B005900B5 /* Release */ = {
			isa = XCBuildConfiguration;
			buildSettings = {
				BUNDLE_LOADER = "$(TEST_HOST)";
				FRAMEWORK_SEARCH_PATHS = (
					"$(SDKROOT)/Developer/Library/Frameworks",
					"$(inherited)",
				);
				INFOPLIST_FILE = TodoTests/Info.plist;
				LD_RUNPATH_SEARCH_PATHS = "$(inherited) @executable_path/Frameworks @loader_path/Frameworks";
				PRODUCT_NAME = "$(TARGET_NAME)";
				TEST_HOST = "$(BUILT_PRODUCTS_DIR)/Todo.app/Todo";
			};
			name = Release;
		};
/* End XCBuildConfiguration section */

/* Begin XCConfigurationList section */
		5A2A6C0A1AB1CC4B005900B5 /* Build configuration list for PBXProject "Todo" */ = {
			isa = XCConfigurationList;
			buildConfigurations = (
				5A2A6C301AB1CC4B005900B5 /* Debug */,
				5A2A6C311AB1CC4B005900B5 /* Release */,
			);
			defaultConfigurationIsVisible = 0;
			defaultConfigurationName = Release;
		};
		5A2A6C321AB1CC4B005900B5 /* Build configuration list for PBXNativeTarget "Todo" */ = {
			isa = XCConfigurationList;
			buildConfigurations = (
				5A2A6C331AB1CC4B005900B5 /* Debug */,
				5A2A6C341AB1CC4B005900B5 /* Release */,
			);
			defaultConfigurationIsVisible = 0;
		};
		5A2A6C351AB1CC4B005900B5 /* Build configuration list for PBXNativeTarget "TodoTests" */ = {
			isa = XCConfigurationList;
			buildConfigurations = (
				5A2A6C361AB1CC4B005900B5 /* Debug */,
				5A2A6C371AB1CC4B005900B5 /* Release */,
			);
			defaultConfigurationIsVisible = 0;
		};
/* End XCConfigurationList section */
	};
	rootObject = 5A2A6C071AB1CC4B005900B5 /* Project object */;
}
