// !$*UTF8*$!
{
	archiveVersion = 1;
	classes = {
	};
	objectVersion = 46;
	objects = {

/* Begin PBXBuildFile section */
		5A3F89771AB07B29008C77CF /* CalculatorBrain1.m in Sources */ = {isa = PBXBuildFile; fileRef = 5A3F89761AB07B29008C77CF /* CalculatorBrain1.m */; };
/* End PBXBuildFile section */

/* Begin PBXCopyFilesBuildPhase section */
		5A54C9B01AAF42E7002A59EB /* CopyFiles */ = {
			isa = PBXCopyFilesBuildPhase;
			buildActionMask = 2147483647;
			dstPath = "include/$(PRODUCT_NAME)";
			dstSubfolderSpec = 16;
			files = (
			);
			runOnlyForDeploymentPostprocessing = 0;
		};
/* End PBXCopyFilesBuildPhase section */

/* Begin PBXFileReference section */
		5A3F89751AB07B29008C77CF /* CalculatorBrain1.h */ = {isa = PBXFileReference; fileEncoding = 4; lastKnownFileType = sourcecode.c.h; path = CalculatorBrain1.h; sourceTree = SOURCE_ROOT; };
		5A3F89761AB07B29008C77CF /* CalculatorBrain1.m */ = {isa = PBXFileReference; fileEncoding = 4; lastKnownFileType = sourcecode.c.objc; path = CalculatorBrain1.m; sourceTree = SOURCE_ROOT; };
		5A54C9B21AAF42E7002A59EB /* libCalculatorBrain.a */ = {isa = PBXFileReference; explicitFileType = archive.ar; includeInIndex = 0; path = libCalculatorBrain.a; sourceTree = BUILT_PRODUCTS_DIR; };
/* End PBXFileReference section */

/* Begin PBXFrameworksBuildPhase section */
		5A54C9AF1AAF42E7002A59EB /* Frameworks */ = {
			isa = PBXFrameworksBuildPhase;
			buildActionMask = 2147483647;
			files = (
			);
			runOnlyForDeploymentPostprocessing = 0;
		};
/* End PBXFrameworksBuildPhase section */

/* Begin PBXGroup section */
		5A54C9A91AAF42E7002A59EB = {
			isa = PBXGroup;
			children = (
				5A54C9B41AAF42E7002A59EB /* CalculatorBrain */,
				5A54C9B31AAF42E7002A59EB /* Products */,
			);
			sourceTree = "<group>";
		};
		5A54C9B31AAF42E7002A59EB /* Products */ = {
			isa = PBXGroup;
			children = (
				5A54C9B21AAF42E7002A59EB /* libCalculatorBrain.a */,
			);
			name = Products;
			sourceTree = "<group>";
		};
		5A54C9B41AAF42E7002A59EB /* CalculatorBrain */ = {
			isa = PBXGroup;
			children = (
				5A3F89751AB07B29008C77CF /* CalculatorBrain1.h */,
				5A3F89761AB07B29008C77CF /* CalculatorBrain1.m */,
			);
			path = CalculatorBrain;
			sourceTree = "<group>";
		};
/* End PBXGroup section */

/* Begin PBXNativeTarget section */
		5A54C9B11AAF42E7002A59EB /* CalculatorBrain */ = {
			isa = PBXNativeTarget;
			buildConfigurationList = 5A54C9C61AAF42E7002A59EB /* Build configuration list for PBXNativeTarget "CalculatorBrain" */;
			buildPhases = (
				5A54C9AE1AAF42E7002A59EB /* Sources */,
				5A54C9AF1AAF42E7002A59EB /* Frameworks */,
				5A54C9B01AAF42E7002A59EB /* CopyFiles */,
			);
			buildRules = (
			);
			dependencies = (
			);
			name = CalculatorBrain;
			productName = CalculatorBrain;
			productReference = 5A54C9B21AAF42E7002A59EB /* libCalculatorBrain.a */;
			productType = "com.apple.product-type.library.static";
		};
/* End PBXNativeTarget section */

/* Begin PBXProject section */
		5A54C9AA1AAF42E7002A59EB /* Project object */ = {
			isa = PBXProject;
			attributes = {
				LastUpgradeCheck = 0610;
				ORGANIZATIONNAME = "The Iron Yard";
				TargetAttributes = {
					5A54C9B11AAF42E7002A59EB = {
						CreatedOnToolsVersion = 6.1.1;
					};
				};
			};
			buildConfigurationList = 5A54C9AD1AAF42E7002A59EB /* Build configuration list for PBXProject "CalculatorBrain" */;
			compatibilityVersion = "Xcode 3.2";
			developmentRegion = English;
			hasScannedForEncodings = 0;
			knownRegions = (
				en,
			);
			mainGroup = 5A54C9A91AAF42E7002A59EB;
			productRefGroup = 5A54C9B31AAF42E7002A59EB /* Products */;
			projectDirPath = "";
			projectRoot = "";
			targets = (
				5A54C9B11AAF42E7002A59EB /* CalculatorBrain */,
			);
		};
/* End PBXProject section */

/* Begin PBXSourcesBuildPhase section */
		5A54C9AE1AAF42E7002A59EB /* Sources */ = {
			isa = PBXSourcesBuildPhase;
			buildActionMask = 2147483647;
			files = (
				5A3F89771AB07B29008C77CF /* CalculatorBrain1.m in Sources */,
			);
			runOnlyForDeploymentPostprocessing = 0;
		};
/* End PBXSourcesBuildPhase section */

/* Begin XCBuildConfiguration section */
		5A54C9C41AAF42E7002A59EB /* Debug */ = {
			isa = XCBuildConfiguration;
			buildSettings = {
				ALWAYS_SEARCH_USER_PATHS = NO;
				CLANG_CXX_LANGUAGE_STANDARD = "gnu++0x";
				CLANG_CXX_LIBRARY = "libc++";
				CLANG_ENABLE_MODULES = YES;
				CLANG_ENABLE_OBJC_ARC = YES;
				CLANG_WARN_BOOL_CONVERSION = YES;
				CLANG_WARN_CONSTANT_CONVERSION = YES;
				CLANG_WARN_DIRECT_OBJC_ISA_USAGE = YES_ERROR;
				CLANG_WARN_EMPTY_BODY = YES;
				CLANG_WARN_ENUM_CONVERSION = YES;
				CLANG_WARN_INT_CONVERSION = YES;
				CLANG_WARN_OBJC_ROOT_CLASS = YES_ERROR;
				CLANG_WARN_UNREACHABLE_CODE = YES;
				CLANG_WARN__DUPLICATE_METHOD_MATCH = YES;
				COPY_PHASE_STRIP = NO;
				ENABLE_STRICT_OBJC_MSGSEND = YES;
				GCC_C_LANGUAGE_STANDARD = gnu99;
				GCC_DYNAMIC_NO_PIC = NO;
				GCC_OPTIMIZATION_LEVEL = 0;
				GCC_PREPROCESSOR_DEFINITIONS = (
					"DEBUG=1",
					"$(inherited)",
				);
				GCC_SYMBOLS_PRIVATE_EXTERN = NO;
				GCC_WARN_64_TO_32_BIT_CONVERSION = YES;
				GCC_WARN_ABOUT_RETURN_TYPE = YES_ERROR;
				GCC_WARN_UNDECLARED_SELECTOR = YES;
				GCC_WARN_UNINITIALIZED_AUTOS = YES_AGGRESSIVE;
				GCC_WARN_UNUSED_FUNCTION = YES;
				GCC_WARN_UNUSED_VARIABLE = YES;
				IPHONEOS_DEPLOYMENT_TARGET = 8.1;
				MTL_ENABLE_DEBUG_INFO = YES;
				ONLY_ACTIVE_ARCH = YES;
				SDKROOT = iphoneos;
			};
			name = Debug;
		};
		5A54C9C51AAF42E7002A59EB /* Release */ = {
			isa = XCBuildConfiguration;
			buildSettings = {
				ALWAYS_SEARCH_USER_PATHS = NO;
				CLANG_CXX_LANGUAGE_STANDARD = "gnu++0x";
				CLANG_CXX_LIBRARY = "libc++";
				CLANG_ENABLE_MODULES = YES;
				CLANG_ENABLE_OBJC_ARC = YES;
				CLANG_WARN_BOOL_CONVERSION = YES;
				CLANG_WARN_CONSTANT_CONVERSION = YES;
				CLANG_WARN_DIRECT_OBJC_ISA_USAGE = YES_ERROR;
				CLANG_WARN_EMPTY_BODY = YES;
				CLANG_WARN_ENUM_CONVERSION = YES;
				CLANG_WARN_INT_CONVERSION = YES;
				CLANG_WARN_OBJC_ROOT_CLASS = YES_ERROR;
				CLANG_WARN_UNREACHABLE_CODE = YES;
				CLANG_WARN__DUPLICATE_METHOD_MATCH = YES;
				COPY_PHASE_STRIP = YES;
				ENABLE_NS_ASSERTIONS = NO;
				ENABLE_STRICT_OBJC_MSGSEND = YES;
				GCC_C_LANGUAGE_STANDARD = gnu99;
				GCC_WARN_64_TO_32_BIT_CONVERSION = YES;
				GCC_WARN_ABOUT_RETURN_TYPE = YES_ERROR;
				GCC_WARN_UNDECLARED_SELECTOR = YES;
				GCC_WARN_UNINITIALIZED_AUTOS = YES_AGGRESSIVE;
				GCC_WARN_UNUSED_FUNCTION = YES;
				GCC_WARN_UNUSED_VARIABLE = YES;
				IPHONEOS_DEPLOYMENT_TARGET = 8.1;
				MTL_ENABLE_DEBUG_INFO = NO;
				SDKROOT = iphoneos;
				VALIDATE_PRODUCT = YES;
			};
			name = Release;
		};
		5A54C9C71AAF42E7002A59EB /* Debug */ = {
			isa = XCBuildConfiguration;
			buildSettings = {
				OTHER_LDFLAGS = "-ObjC";
				PRODUCT_NAME = "$(TARGET_NAME)";
				SKIP_INSTALL = YES;
			};
			name = Debug;
		};
		5A54C9C81AAF42E7002A59EB /* Release */ = {
			isa = XCBuildConfiguration;
			buildSettings = {
				OTHER_LDFLAGS = "-ObjC";
				PRODUCT_NAME = "$(TARGET_NAME)";
				SKIP_INSTALL = YES;
			};
			name = Release;
		};
/* End XCBuildConfiguration section */

/* Begin XCConfigurationList section */
		5A54C9AD1AAF42E7002A59EB /* Build configuration list for PBXProject "CalculatorBrain" */ = {
			isa = XCConfigurationList;
			buildConfigurations = (
				5A54C9C41AAF42E7002A59EB /* Debug */,
				5A54C9C51AAF42E7002A59EB /* Release */,
			);
			defaultConfigurationIsVisible = 0;
			defaultConfigurationName = Release;
		};
		5A54C9C61AAF42E7002A59EB /* Build configuration list for PBXNativeTarget "CalculatorBrain" */ = {
			isa = XCConfigurationList;
			buildConfigurations = (
				5A54C9C71AAF42E7002A59EB /* Debug */,
				5A54C9C81AAF42E7002A59EB /* Release */,
			);
			defaultConfigurationIsVisible = 0;
			defaultConfigurationName = Release;
		};
/* End XCConfigurationList section */
	};
	rootObject = 5A54C9AA1AAF42E7002A59EB /* Project object */;
}
