// !$*UTF8*$!
{
	archiveVersion = 1;
	classes = {
	};
	objectVersion = 46;
	objects = {

/* Begin PBXBuildFile section */
		5A7903DD1AA62148001D3AAB /* main.m in Sources */ = {isa = PBXBuildFile; fileRef = 5A7903DC1AA62148001D3AAB /* main.m */; };
		5A7903E01AA62148001D3AAB /* AppDelegate.m in Sources */ = {isa = PBXBuildFile; fileRef = 5A7903DF1AA62148001D3AAB /* AppDelegate.m */; };
		5A7903E61AA62148001D3AAB /* Main.storyboard in Resources */ = {isa = PBXBuildFile; fileRef = 5A7903E41AA62148001D3AAB /* Main.storyboard */; };
		5A7903E81AA62148001D3AAB /* Images.xcassets in Resources */ = {isa = PBXBuildFile; fileRef = 5A7903E71AA62148001D3AAB /* Images.xcassets */; };
		5A7903EB1AA62148001D3AAB /* LaunchScreen.xib in Resources */ = {isa = PBXBuildFile; fileRef = 5A7903E91AA62148001D3AAB /* LaunchScreen.xib */; };
		5A7903F71AA62148001D3AAB /* JackpotTests.m in Sources */ = {isa = PBXBuildFile; fileRef = 5A7903F61AA62148001D3AAB /* JackpotTests.m */; };
		5A7904021AA62193001D3AAB /* TicketsTableViewController.m in Sources */ = {isa = PBXBuildFile; fileRef = 5A7904011AA62193001D3AAB /* TicketsTableViewController.m */; };
		5A7904051AA64612001D3AAB /* Ticket.m in Sources */ = {isa = PBXBuildFile; fileRef = 5A7904041AA64612001D3AAB /* Ticket.m */; };
		5A79041E1AA794A1001D3AAB /* WinningTicketViewController.m in Sources */ = {isa = PBXBuildFile; fileRef = 5A79041D1AA794A1001D3AAB /* WinningTicketViewController.m */; };
/* End PBXBuildFile section */

/* Begin PBXContainerItemProxy section */
		5A7903F11AA62148001D3AAB /* PBXContainerItemProxy */ = {
			isa = PBXContainerItemProxy;
			containerPortal = 5A7903CF1AA62148001D3AAB /* Project object */;
			proxyType = 1;
			remoteGlobalIDString = 5A7903D61AA62148001D3AAB;
			remoteInfo = Jackpot;
		};
/* End PBXContainerItemProxy section */

/* Begin PBXFileReference section */
		5A7903D71AA62148001D3AAB /* Jackpot.app */ = {isa = PBXFileReference; explicitFileType = wrapper.application; includeInIndex = 0; path = Jackpot.app; sourceTree = BUILT_PRODUCTS_DIR; };
		5A7903DB1AA62148001D3AAB /* Info.plist */ = {isa = PBXFileReference; lastKnownFileType = text.plist.xml; path = Info.plist; sourceTree = "<group>"; };
		5A7903DC1AA62148001D3AAB /* main.m */ = {isa = PBXFileReference; lastKnownFileType = sourcecode.c.objc; path = main.m; sourceTree = "<group>"; };
		5A7903DE1AA62148001D3AAB /* AppDelegate.h */ = {isa = PBXFileReference; lastKnownFileType = sourcecode.c.h; path = AppDelegate.h; sourceTree = "<group>"; };
		5A7903DF1AA62148001D3AAB /* AppDelegate.m */ = {isa = PBXFileReference; lastKnownFileType = sourcecode.c.objc; path = AppDelegate.m; sourceTree = "<group>"; };
		5A7903E51AA62148001D3AAB /* Base */ = {isa = PBXFileReference; lastKnownFileType = file.storyboard; name = Base; path = Base.lproj/Main.storyboard; sourceTree = "<group>"; };
		5A7903E71AA62148001D3AAB /* Images.xcassets */ = {isa = PBXFileReference; lastKnownFileType = folder.assetcatalog; path = Images.xcassets; sourceTree = "<group>"; };
		5A7903EA1AA62148001D3AAB /* Base */ = {isa = PBXFileReference; lastKnownFileType = file.xib; name = Base; path = Base.lproj/LaunchScreen.xib; sourceTree = "<group>"; };
		5A7903F01AA62148001D3AAB /* JackpotTests.xctest */ = {isa = PBXFileReference; explicitFileType = wrapper.cfbundle; includeInIndex = 0; path = JackpotTests.xctest; sourceTree = BUILT_PRODUCTS_DIR; };
		5A7903F51AA62148001D3AAB /* Info.plist */ = {isa = PBXFileReference; lastKnownFileType = text.plist.xml; path = Info.plist; sourceTree = "<group>"; };
		5A7903F61AA62148001D3AAB /* JackpotTests.m */ = {isa = PBXFileReference; lastKnownFileType = sourcecode.c.objc; path = JackpotTests.m; sourceTree = "<group>"; };
		5A7904001AA62193001D3AAB /* TicketsTableViewController.h */ = {isa = PBXFileReference; fileEncoding = 4; lastKnownFileType = sourcecode.c.h; path = TicketsTableViewController.h; sourceTree = "<group>"; };
		5A7904011AA62193001D3AAB /* TicketsTableViewController.m */ = {isa = PBXFileReference; fileEncoding = 4; lastKnownFileType = sourcecode.c.objc; path = TicketsTableViewController.m; sourceTree = "<group>"; };
		5A7904031AA64612001D3AAB /* Ticket.h */ = {isa = PBXFileReference; fileEncoding = 4; lastKnownFileType = sourcecode.c.h; path = Ticket.h; sourceTree = "<group>"; };
		5A7904041AA64612001D3AAB /* Ticket.m */ = {isa = PBXFileReference; fileEncoding = 4; lastKnownFileType = sourcecode.c.objc; path = Ticket.m; sourceTree = "<group>"; };
		5A79041C1AA794A1001D3AAB /* WinningTicketViewController.h */ = {isa = PBXFileReference; fileEncoding = 4; lastKnownFileType = sourcecode.c.h; path = WinningTicketViewController.h; sourceTree = "<group>"; };
		5A79041D1AA794A1001D3AAB /* WinningTicketViewController.m */ = {isa = PBXFileReference; fileEncoding = 4; lastKnownFileType = sourcecode.c.objc; path = WinningTicketViewController.m; sourceTree = "<group>"; };
/* End PBXFileReference section */

/* Begin PBXFrameworksBuildPhase section */
		5A7903D41AA62148001D3AAB /* Frameworks */ = {
			isa = PBXFrameworksBuildPhase;
			buildActionMask = 2147483647;
			files = (
			);
			runOnlyForDeploymentPostprocessing = 0;
		};
		5A7903ED1AA62148001D3AAB /* Frameworks */ = {
			isa = PBXFrameworksBuildPhase;
			buildActionMask = 2147483647;
			files = (
			);
			runOnlyForDeploymentPostprocessing = 0;
		};
/* End PBXFrameworksBuildPhase section */

/* Begin PBXGroup section */
		5A7903CE1AA62148001D3AAB = {
			isa = PBXGroup;
			children = (
				5A7903D91AA62148001D3AAB /* Jackpot */,
				5A7903F31AA62148001D3AAB /* JackpotTests */,
				5A7903D81AA62148001D3AAB /* Products */,
			);
			sourceTree = "<group>";
		};
		5A7903D81AA62148001D3AAB /* Products */ = {
			isa = PBXGroup;
			children = (
				5A7903D71AA62148001D3AAB /* Jackpot.app */,
				5A7903F01AA62148001D3AAB /* JackpotTests.xctest */,
			);
			name = Products;
			sourceTree = "<group>";
		};
		5A7903D91AA62148001D3AAB /* Jackpot */ = {
			isa = PBXGroup;
			children = (
				5A7903DE1AA62148001D3AAB /* AppDelegate.h */,
				5A7903DF1AA62148001D3AAB /* AppDelegate.m */,
				5A7904001AA62193001D3AAB /* TicketsTableViewController.h */,
				5A7904011AA62193001D3AAB /* TicketsTableViewController.m */,
				5A7904031AA64612001D3AAB /* Ticket.h */,
				5A7904041AA64612001D3AAB /* Ticket.m */,
				5A79041C1AA794A1001D3AAB /* WinningTicketViewController.h */,
				5A79041D1AA794A1001D3AAB /* WinningTicketViewController.m */,
				5A7903E41AA62148001D3AAB /* Main.storyboard */,
				5A7903E71AA62148001D3AAB /* Images.xcassets */,
				5A7903E91AA62148001D3AAB /* LaunchScreen.xib */,
				5A7903DA1AA62148001D3AAB /* Supporting Files */,
			);
			path = Jackpot;
			sourceTree = "<group>";
		};
		5A7903DA1AA62148001D3AAB /* Supporting Files */ = {
			isa = PBXGroup;
			children = (
				5A7903DB1AA62148001D3AAB /* Info.plist */,
				5A7903DC1AA62148001D3AAB /* main.m */,
			);
			name = "Supporting Files";
			sourceTree = "<group>";
		};
		5A7903F31AA62148001D3AAB /* JackpotTests */ = {
			isa = PBXGroup;
			children = (
				5A7903F61AA62148001D3AAB /* JackpotTests.m */,
				5A7903F41AA62148001D3AAB /* Supporting Files */,
			);
			path = JackpotTests;
			sourceTree = "<group>";
		};
		5A7903F41AA62148001D3AAB /* Supporting Files */ = {
			isa = PBXGroup;
			children = (
				5A7903F51AA62148001D3AAB /* Info.plist */,
			);
			name = "Supporting Files";
			sourceTree = "<group>";
		};
/* End PBXGroup section */

/* Begin PBXNativeTarget section */
		5A7903D61AA62148001D3AAB /* Jackpot */ = {
			isa = PBXNativeTarget;
			buildConfigurationList = 5A7903FA1AA62148001D3AAB /* Build configuration list for PBXNativeTarget "Jackpot" */;
			buildPhases = (
				5A7903D31AA62148001D3AAB /* Sources */,
				5A7903D41AA62148001D3AAB /* Frameworks */,
				5A7903D51AA62148001D3AAB /* Resources */,
			);
			buildRules = (
			);
			dependencies = (
			);
			name = Jackpot;
			productName = Jackpot;
			productReference = 5A7903D71AA62148001D3AAB /* Jackpot.app */;
			productType = "com.apple.product-type.application";
		};
		5A7903EF1AA62148001D3AAB /* JackpotTests */ = {
			isa = PBXNativeTarget;
			buildConfigurationList = 5A7903FD1AA62148001D3AAB /* Build configuration list for PBXNativeTarget "JackpotTests" */;
			buildPhases = (
				5A7903EC1AA62148001D3AAB /* Sources */,
				5A7903ED1AA62148001D3AAB /* Frameworks */,
				5A7903EE1AA62148001D3AAB /* Resources */,
			);
			buildRules = (
			);
			dependencies = (
				5A7903F21AA62148001D3AAB /* PBXTargetDependency */,
			);
			name = JackpotTests;
			productName = JackpotTests;
			productReference = 5A7903F01AA62148001D3AAB /* JackpotTests.xctest */;
			productType = "com.apple.product-type.bundle.unit-test";
		};
/* End PBXNativeTarget section */

/* Begin PBXProject section */
		5A7903CF1AA62148001D3AAB /* Project object */ = {
			isa = PBXProject;
			attributes = {
				LastUpgradeCheck = 0610;
				ORGANIZATIONNAME = "The Iron Yard";
				TargetAttributes = {
					5A7903D61AA62148001D3AAB = {
						CreatedOnToolsVersion = 6.1.1;
					};
					5A7903EF1AA62148001D3AAB = {
						CreatedOnToolsVersion = 6.1.1;
						TestTargetID = 5A7903D61AA62148001D3AAB;
					};
				};
			};
			buildConfigurationList = 5A7903D21AA62148001D3AAB /* Build configuration list for PBXProject "Jackpot" */;
			compatibilityVersion = "Xcode 3.2";
			developmentRegion = English;
			hasScannedForEncodings = 0;
			knownRegions = (
				en,
				Base,
			);
			mainGroup = 5A7903CE1AA62148001D3AAB;
			productRefGroup = 5A7903D81AA62148001D3AAB /* Products */;
			projectDirPath = "";
			projectRoot = "";
			targets = (
				5A7903D61AA62148001D3AAB /* Jackpot */,
				5A7903EF1AA62148001D3AAB /* JackpotTests */,
			);
		};
/* End PBXProject section */

/* Begin PBXResourcesBuildPhase section */
		5A7903D51AA62148001D3AAB /* Resources */ = {
			isa = PBXResourcesBuildPhase;
			buildActionMask = 2147483647;
			files = (
				5A7903E61AA62148001D3AAB /* Main.storyboard in Resources */,
				5A7903EB1AA62148001D3AAB /* LaunchScreen.xib in Resources */,
				5A7903E81AA62148001D3AAB /* Images.xcassets in Resources */,
			);
			runOnlyForDeploymentPostprocessing = 0;
		};
		5A7903EE1AA62148001D3AAB /* Resources */ = {
			isa = PBXResourcesBuildPhase;
			buildActionMask = 2147483647;
			files = (
			);
			runOnlyForDeploymentPostprocessing = 0;
		};
/* End PBXResourcesBuildPhase section */

/* Begin PBXSourcesBuildPhase section */
		5A7903D31AA62148001D3AAB /* Sources */ = {
			isa = PBXSourcesBuildPhase;
			buildActionMask = 2147483647;
			files = (
				5A79041E1AA794A1001D3AAB /* WinningTicketViewController.m in Sources */,
				5A7903E01AA62148001D3AAB /* AppDelegate.m in Sources */,
				5A7903DD1AA62148001D3AAB /* main.m in Sources */,
				5A7904021AA62193001D3AAB /* TicketsTableViewController.m in Sources */,
				5A7904051AA64612001D3AAB /* Ticket.m in Sources */,
			);
			runOnlyForDeploymentPostprocessing = 0;
		};
		5A7903EC1AA62148001D3AAB /* Sources */ = {
			isa = PBXSourcesBuildPhase;
			buildActionMask = 2147483647;
			files = (
				5A7903F71AA62148001D3AAB /* JackpotTests.m in Sources */,
			);
			runOnlyForDeploymentPostprocessing = 0;
		};
/* End PBXSourcesBuildPhase section */

/* Begin PBXTargetDependency section */
		5A7903F21AA62148001D3AAB /* PBXTargetDependency */ = {
			isa = PBXTargetDependency;
			target = 5A7903D61AA62148001D3AAB /* Jackpot */;
			targetProxy = 5A7903F11AA62148001D3AAB /* PBXContainerItemProxy */;
		};
/* End PBXTargetDependency section */

/* Begin PBXVariantGroup section */
		5A7903E41AA62148001D3AAB /* Main.storyboard */ = {
			isa = PBXVariantGroup;
			children = (
				5A7903E51AA62148001D3AAB /* Base */,
			);
			name = Main.storyboard;
			sourceTree = "<group>";
		};
		5A7903E91AA62148001D3AAB /* LaunchScreen.xib */ = {
			isa = PBXVariantGroup;
			children = (
				5A7903EA1AA62148001D3AAB /* Base */,
			);
			name = LaunchScreen.xib;
			sourceTree = "<group>";
		};
/* End PBXVariantGroup section */

/* Begin XCBuildConfiguration section */
		5A7903F81AA62148001D3AAB /* Debug */ = {
			isa = XCBuildConfiguration;
			buildSettings = {
				ALWAYS_SEARCH_USER_PATHS = NO;
				CLANG_CXX_LANGUAGE_STANDARD = "gnu++0x";
				CLANG_CXX_LIBRARY = "libc++";
				CLANG_ENABLE_MODULES = YES;
				CLANG_ENABLE_OBJC_ARC = YES;
				CLANG_WARN_BOOL_CONVERSION = YES;
				CLANG_WARN_CONSTANT_CONVERSION = YES;
				CLANG_WARN_DIRECT_OBJC_ISA_USAGE = YES_ERROR;
				CLANG_WARN_EMPTY_BODY = YES;
				CLANG_WARN_ENUM_CONVERSION = YES;
				CLANG_WARN_INT_CONVERSION = YES;
				CLANG_WARN_OBJC_ROOT_CLASS = YES_ERROR;
				CLANG_WARN_UNREACHABLE_CODE = YES;
				CLANG_WARN__DUPLICATE_METHOD_MATCH = YES;
				"CODE_SIGN_IDENTITY[sdk=iphoneos*]" = "iPhone Developer";
				COPY_PHASE_STRIP = NO;
				ENABLE_STRICT_OBJC_MSGSEND = YES;
				GCC_C_LANGUAGE_STANDARD = gnu99;
				GCC_DYNAMIC_NO_PIC = NO;
				GCC_OPTIMIZATION_LEVEL = 0;
				GCC_PREPROCESSOR_DEFINITIONS = (
					"DEBUG=1",
					"$(inherited)",
				);
				GCC_SYMBOLS_PRIVATE_EXTERN = NO;
				GCC_WARN_64_TO_32_BIT_CONVERSION = YES;
				GCC_WARN_ABOUT_RETURN_TYPE = YES_ERROR;
				GCC_WARN_UNDECLARED_SELECTOR = YES;
				GCC_WARN_UNINITIALIZED_AUTOS = YES_AGGRESSIVE;
				GCC_WARN_UNUSED_FUNCTION = YES;
				GCC_WARN_UNUSED_VARIABLE = YES;
				IPHONEOS_DEPLOYMENT_TARGET = 8.1;
				MTL_ENABLE_DEBUG_INFO = YES;
				ONLY_ACTIVE_ARCH = YES;
				SDKROOT = iphoneos;
			};
			name = Debug;
		};
		5A7903F91AA62148001D3AAB /* Release */ = {
			isa = XCBuildConfiguration;
			buildSettings = {
				ALWAYS_SEARCH_USER_PATHS = NO;
				CLANG_CXX_LANGUAGE_STANDARD = "gnu++0x";
				CLANG_CXX_LIBRARY = "libc++";
				CLANG_ENABLE_MODULES = YES;
				CLANG_ENABLE_OBJC_ARC = YES;
				CLANG_WARN_BOOL_CONVERSION = YES;
				CLANG_WARN_CONSTANT_CONVERSION = YES;
				CLANG_WARN_DIRECT_OBJC_ISA_USAGE = YES_ERROR;
				CLANG_WARN_EMPTY_BODY = YES;
				CLANG_WARN_ENUM_CONVERSION = YES;
				CLANG_WARN_INT_CONVERSION = YES;
				CLANG_WARN_OBJC_ROOT_CLASS = YES_ERROR;
				CLANG_WARN_UNREACHABLE_CODE = YES;
				CLANG_WARN__DUPLICATE_METHOD_MATCH = YES;
				"CODE_SIGN_IDENTITY[sdk=iphoneos*]" = "iPhone Developer";
				COPY_PHASE_STRIP = YES;
				ENABLE_NS_ASSERTIONS = NO;
				ENABLE_STRICT_OBJC_MSGSEND = YES;
				GCC_C_LANGUAGE_STANDARD = gnu99;
				GCC_WARN_64_TO_32_BIT_CONVERSION = YES;
				GCC_WARN_ABOUT_RETURN_TYPE = YES_ERROR;
				GCC_WARN_UNDECLARED_SELECTOR = YES;
				GCC_WARN_UNINITIALIZED_AUTOS = YES_AGGRESSIVE;
				GCC_WARN_UNUSED_FUNCTION = YES;
				GCC_WARN_UNUSED_VARIABLE = YES;
				IPHONEOS_DEPLOYMENT_TARGET = 8.1;
				MTL_ENABLE_DEBUG_INFO = NO;
				SDKROOT = iphoneos;
				VALIDATE_PRODUCT = YES;
			};
			name = Release;
		};
		5A7903FB1AA62148001D3AAB /* Debug */ = {
			isa = XCBuildConfiguration;
			buildSettings = {
				ASSETCATALOG_COMPILER_APPICON_NAME = AppIcon;
				INFOPLIST_FILE = Jackpot/Info.plist;
				LD_RUNPATH_SEARCH_PATHS = "$(inherited) @executable_path/Frameworks";
				PRODUCT_NAME = "$(TARGET_NAME)";
			};
			name = Debug;
		};
		5A7903FC1AA62148001D3AAB /* Release */ = {
			isa = XCBuildConfiguration;
			buildSettings = {
				ASSETCATALOG_COMPILER_APPICON_NAME = AppIcon;
				INFOPLIST_FILE = Jackpot/Info.plist;
				LD_RUNPATH_SEARCH_PATHS = "$(inherited) @executable_path/Frameworks";
				PRODUCT_NAME = "$(TARGET_NAME)";
			};
			name = Release;
		};
		5A7903FE1AA62148001D3AAB /* Debug */ = {
			isa = XCBuildConfiguration;
			buildSettings = {
				BUNDLE_LOADER = "$(TEST_HOST)";
				FRAMEWORK_SEARCH_PATHS = (
					"$(SDKROOT)/Developer/Library/Frameworks",
					"$(inherited)",
				);
				GCC_PREPROCESSOR_DEFINITIONS = (
					"DEBUG=1",
					"$(inherited)",
				);
				INFOPLIST_FILE = JackpotTests/Info.plist;
				LD_RUNPATH_SEARCH_PATHS = "$(inherited) @executable_path/Frameworks @loader_path/Frameworks";
				PRODUCT_NAME = "$(TARGET_NAME)";
				TEST_HOST = "$(BUILT_PRODUCTS_DIR)/Jackpot.app/Jackpot";
			};
			name = Debug;
		};
		5A7903FF1AA62148001D3AAB /* Release */ = {
			isa = XCBuildConfiguration;
			buildSettings = {
				BUNDLE_LOADER = "$(TEST_HOST)";
				FRAMEWORK_SEARCH_PATHS = (
					"$(SDKROOT)/Developer/Library/Frameworks",
					"$(inherited)",
				);
				INFOPLIST_FILE = JackpotTests/Info.plist;
				LD_RUNPATH_SEARCH_PATHS = "$(inherited) @executable_path/Frameworks @loader_path/Frameworks";
				PRODUCT_NAME = "$(TARGET_NAME)";
				TEST_HOST = "$(BUILT_PRODUCTS_DIR)/Jackpot.app/Jackpot";
			};
			name = Release;
		};
/* End XCBuildConfiguration section */

/* Begin XCConfigurationList section */
		5A7903D21AA62148001D3AAB /* Build configuration list for PBXProject "Jackpot" */ = {
			isa = XCConfigurationList;
			buildConfigurations = (
				5A7903F81AA62148001D3AAB /* Debug */,
				5A7903F91AA62148001D3AAB /* Release */,
			);
			defaultConfigurationIsVisible = 0;
			defaultConfigurationName = Release;
		};
		5A7903FA1AA62148001D3AAB /* Build configuration list for PBXNativeTarget "Jackpot" */ = {
			isa = XCConfigurationList;
			buildConfigurations = (
				5A7903FB1AA62148001D3AAB /* Debug */,
				5A7903FC1AA62148001D3AAB /* Release */,
			);
			defaultConfigurationIsVisible = 0;
			defaultConfigurationName = Release;
		};
		5A7903FD1AA62148001D3AAB /* Build configuration list for PBXNativeTarget "JackpotTests" */ = {
			isa = XCConfigurationList;
			buildConfigurations = (
				5A7903FE1AA62148001D3AAB /* Debug */,
				5A7903FF1AA62148001D3AAB /* Release */,
			);
			defaultConfigurationIsVisible = 0;
			defaultConfigurationName = Release;
		};
/* End XCConfigurationList section */
	};
	rootObject = 5A7903CF1AA62148001D3AAB /* Project object */;
}
