// !$*UTF8*$!
{
	archiveVersion = 1;
	classes = {
	};
	objectVersion = 46;
	objects = {

/* Begin PBXBuildFile section */
		5A79042E1AA8BBFE001D3AAB /* main.m in Sources */ = {isa = PBXBuildFile; fileRef = 5A79042D1AA8BBFE001D3AAB /* main.m */; };
		5A7904311AA8BBFE001D3AAB /* AppDelegate.m in Sources */ = {isa = PBXBuildFile; fileRef = 5A7904301AA8BBFE001D3AAB /* AppDelegate.m */; };
		5A7904341AA8BBFE001D3AAB /* ViewController.m in Sources */ = {isa = PBXBuildFile; fileRef = 5A7904331AA8BBFE001D3AAB /* ViewController.m */; };
		5A7904371AA8BBFE001D3AAB /* Main.storyboard in Resources */ = {isa = PBXBuildFile; fileRef = 5A7904351AA8BBFE001D3AAB /* Main.storyboard */; };
		5A7904391AA8BBFE001D3AAB /* Images.xcassets in Resources */ = {isa = PBXBuildFile; fileRef = 5A7904381AA8BBFE001D3AAB /* Images.xcassets */; };
		5A79043C1AA8BBFE001D3AAB /* LaunchScreen.xib in Resources */ = {isa = PBXBuildFile; fileRef = 5A79043A1AA8BBFE001D3AAB /* LaunchScreen.xib */; };
		5A7904481AA8BBFE001D3AAB /* CalculatorTests.m in Sources */ = {isa = PBXBuildFile; fileRef = 5A7904471AA8BBFE001D3AAB /* CalculatorTests.m */; };
/* End PBXBuildFile section */

/* Begin PBXContainerItemProxy section */
		5A7904421AA8BBFE001D3AAB /* PBXContainerItemProxy */ = {
			isa = PBXContainerItemProxy;
			containerPortal = 5A7904201AA8BBFE001D3AAB /* Project object */;
			proxyType = 1;
			remoteGlobalIDString = 5A7904271AA8BBFE001D3AAB;
			remoteInfo = Calculator;
		};
/* End PBXContainerItemProxy section */

/* Begin PBXFileReference section */
		5A7904281AA8BBFE001D3AAB /* Calculator.app */ = {isa = PBXFileReference; explicitFileType = wrapper.application; includeInIndex = 0; path = Calculator.app; sourceTree = BUILT_PRODUCTS_DIR; };
		5A79042C1AA8BBFE001D3AAB /* Info.plist */ = {isa = PBXFileReference; lastKnownFileType = text.plist.xml; path = Info.plist; sourceTree = "<group>"; };
		5A79042D1AA8BBFE001D3AAB /* main.m */ = {isa = PBXFileReference; lastKnownFileType = sourcecode.c.objc; path = main.m; sourceTree = "<group>"; };
		5A79042F1AA8BBFE001D3AAB /* AppDelegate.h */ = {isa = PBXFileReference; lastKnownFileType = sourcecode.c.h; path = AppDelegate.h; sourceTree = "<group>"; };
		5A7904301AA8BBFE001D3AAB /* AppDelegate.m */ = {isa = PBXFileReference; lastKnownFileType = sourcecode.c.objc; path = AppDelegate.m; sourceTree = "<group>"; };
		5A7904321AA8BBFE001D3AAB /* ViewController.h */ = {isa = PBXFileReference; lastKnownFileType = sourcecode.c.h; path = ViewController.h; sourceTree = "<group>"; };
		5A7904331AA8BBFE001D3AAB /* ViewController.m */ = {isa = PBXFileReference; lastKnownFileType = sourcecode.c.objc; path = ViewController.m; sourceTree = "<group>"; };
		5A7904361AA8BBFE001D3AAB /* Base */ = {isa = PBXFileReference; lastKnownFileType = file.storyboard; name = Base; path = Base.lproj/Main.storyboard; sourceTree = "<group>"; };
		5A7904381AA8BBFE001D3AAB /* Images.xcassets */ = {isa = PBXFileReference; lastKnownFileType = folder.assetcatalog; path = Images.xcassets; sourceTree = "<group>"; };
		5A79043B1AA8BBFE001D3AAB /* Base */ = {isa = PBXFileReference; lastKnownFileType = file.xib; name = Base; path = Base.lproj/LaunchScreen.xib; sourceTree = "<group>"; };
		5A7904411AA8BBFE001D3AAB /* CalculatorTests.xctest */ = {isa = PBXFileReference; explicitFileType = wrapper.cfbundle; includeInIndex = 0; path = CalculatorTests.xctest; sourceTree = BUILT_PRODUCTS_DIR; };
		5A7904461AA8BBFE001D3AAB /* Info.plist */ = {isa = PBXFileReference; lastKnownFileType = text.plist.xml; path = Info.plist; sourceTree = "<group>"; };
		5A7904471AA8BBFE001D3AAB /* CalculatorTests.m */ = {isa = PBXFileReference; lastKnownFileType = sourcecode.c.objc; path = CalculatorTests.m; sourceTree = "<group>"; };
/* End PBXFileReference section */

/* Begin PBXFrameworksBuildPhase section */
		5A7904251AA8BBFE001D3AAB /* Frameworks */ = {
			isa = PBXFrameworksBuildPhase;
			buildActionMask = 2147483647;
			files = (
			);
			runOnlyForDeploymentPostprocessing = 0;
		};
		5A79043E1AA8BBFE001D3AAB /* Frameworks */ = {
			isa = PBXFrameworksBuildPhase;
			buildActionMask = 2147483647;
			files = (
			);
			runOnlyForDeploymentPostprocessing = 0;
		};
/* End PBXFrameworksBuildPhase section */

/* Begin PBXGroup section */
		5A79041F1AA8BBFE001D3AAB = {
			isa = PBXGroup;
			children = (
				5A79042A1AA8BBFE001D3AAB /* Calculator */,
				5A7904441AA8BBFE001D3AAB /* CalculatorTests */,
				5A7904291AA8BBFE001D3AAB /* Products */,
			);
			sourceTree = "<group>";
		};
		5A7904291AA8BBFE001D3AAB /* Products */ = {
			isa = PBXGroup;
			children = (
				5A7904281AA8BBFE001D3AAB /* Calculator.app */,
				5A7904411AA8BBFE001D3AAB /* CalculatorTests.xctest */,
			);
			name = Products;
			sourceTree = "<group>";
		};
		5A79042A1AA8BBFE001D3AAB /* Calculator */ = {
			isa = PBXGroup;
			children = (
				5A79042F1AA8BBFE001D3AAB /* AppDelegate.h */,
				5A7904301AA8BBFE001D3AAB /* AppDelegate.m */,
				5A7904321AA8BBFE001D3AAB /* ViewController.h */,
				5A7904331AA8BBFE001D3AAB /* ViewController.m */,
				5A7904351AA8BBFE001D3AAB /* Main.storyboard */,
				5A7904381AA8BBFE001D3AAB /* Images.xcassets */,
				5A79043A1AA8BBFE001D3AAB /* LaunchScreen.xib */,
				5A79042B1AA8BBFE001D3AAB /* Supporting Files */,
			);
			path = Calculator;
			sourceTree = "<group>";
		};
		5A79042B1AA8BBFE001D3AAB /* Supporting Files */ = {
			isa = PBXGroup;
			children = (
				5A79042C1AA8BBFE001D3AAB /* Info.plist */,
				5A79042D1AA8BBFE001D3AAB /* main.m */,
			);
			name = "Supporting Files";
			sourceTree = "<group>";
		};
		5A7904441AA8BBFE001D3AAB /* CalculatorTests */ = {
			isa = PBXGroup;
			children = (
				5A7904471AA8BBFE001D3AAB /* CalculatorTests.m */,
				5A7904451AA8BBFE001D3AAB /* Supporting Files */,
			);
			path = CalculatorTests;
			sourceTree = "<group>";
		};
		5A7904451AA8BBFE001D3AAB /* Supporting Files */ = {
			isa = PBXGroup;
			children = (
				5A7904461AA8BBFE001D3AAB /* Info.plist */,
			);
			name = "Supporting Files";
			sourceTree = "<group>";
		};
/* End PBXGroup section */

/* Begin PBXNativeTarget section */
		5A7904271AA8BBFE001D3AAB /* Calculator */ = {
			isa = PBXNativeTarget;
			buildConfigurationList = 5A79044B1AA8BBFE001D3AAB /* Build configuration list for PBXNativeTarget "Calculator" */;
			buildPhases = (
				5A7904241AA8BBFE001D3AAB /* Sources */,
				5A7904251AA8BBFE001D3AAB /* Frameworks */,
				5A7904261AA8BBFE001D3AAB /* Resources */,
			);
			buildRules = (
			);
			dependencies = (
			);
			name = Calculator;
			productName = Calculator;
			productReference = 5A7904281AA8BBFE001D3AAB /* Calculator.app */;
			productType = "com.apple.product-type.application";
		};
		5A7904401AA8BBFE001D3AAB /* CalculatorTests */ = {
			isa = PBXNativeTarget;
			buildConfigurationList = 5A79044E1AA8BBFE001D3AAB /* Build configuration list for PBXNativeTarget "CalculatorTests" */;
			buildPhases = (
				5A79043D1AA8BBFE001D3AAB /* Sources */,
				5A79043E1AA8BBFE001D3AAB /* Frameworks */,
				5A79043F1AA8BBFE001D3AAB /* Resources */,
			);
			buildRules = (
			);
			dependencies = (
				5A7904431AA8BBFE001D3AAB /* PBXTargetDependency */,
			);
			name = CalculatorTests;
			productName = CalculatorTests;
			productReference = 5A7904411AA8BBFE001D3AAB /* CalculatorTests.xctest */;
			productType = "com.apple.product-type.bundle.unit-test";
		};
/* End PBXNativeTarget section */

/* Begin PBXProject section */
		5A7904201AA8BBFE001D3AAB /* Project object */ = {
			isa = PBXProject;
			attributes = {
				LastUpgradeCheck = 0610;
				ORGANIZATIONNAME = "The Iron Yard";
				TargetAttributes = {
					5A7904271AA8BBFE001D3AAB = {
						CreatedOnToolsVersion = 6.1.1;
					};
					5A7904401AA8BBFE001D3AAB = {
						CreatedOnToolsVersion = 6.1.1;
						TestTargetID = 5A7904271AA8BBFE001D3AAB;
					};
				};
			};
			buildConfigurationList = 5A7904231AA8BBFE001D3AAB /* Build configuration list for PBXProject "Calculator" */;
			compatibilityVersion = "Xcode 3.2";
			developmentRegion = English;
			hasScannedForEncodings = 0;
			knownRegions = (
				en,
				Base,
			);
			mainGroup = 5A79041F1AA8BBFE001D3AAB;
			productRefGroup = 5A7904291AA8BBFE001D3AAB /* Products */;
			projectDirPath = "";
			projectRoot = "";
			targets = (
				5A7904271AA8BBFE001D3AAB /* Calculator */,
				5A7904401AA8BBFE001D3AAB /* CalculatorTests */,
			);
		};
/* End PBXProject section */

/* Begin PBXResourcesBuildPhase section */
		5A7904261AA8BBFE001D3AAB /* Resources */ = {
			isa = PBXResourcesBuildPhase;
			buildActionMask = 2147483647;
			files = (
				5A7904371AA8BBFE001D3AAB /* Main.storyboard in Resources */,
				5A79043C1AA8BBFE001D3AAB /* LaunchScreen.xib in Resources */,
				5A7904391AA8BBFE001D3AAB /* Images.xcassets in Resources */,
			);
			runOnlyForDeploymentPostprocessing = 0;
		};
		5A79043F1AA8BBFE001D3AAB /* Resources */ = {
			isa = PBXResourcesBuildPhase;
			buildActionMask = 2147483647;
			files = (
			);
			runOnlyForDeploymentPostprocessing = 0;
		};
/* End PBXResourcesBuildPhase section */

/* Begin PBXSourcesBuildPhase section */
		5A7904241AA8BBFE001D3AAB /* Sources */ = {
			isa = PBXSourcesBuildPhase;
			buildActionMask = 2147483647;
			files = (
				5A7904341AA8BBFE001D3AAB /* ViewController.m in Sources */,
				5A7904311AA8BBFE001D3AAB /* AppDelegate.m in Sources */,
				5A79042E1AA8BBFE001D3AAB /* main.m in Sources */,
			);
			runOnlyForDeploymentPostprocessing = 0;
		};
		5A79043D1AA8BBFE001D3AAB /* Sources */ = {
			isa = PBXSourcesBuildPhase;
			buildActionMask = 2147483647;
			files = (
				5A7904481AA8BBFE001D3AAB /* CalculatorTests.m in Sources */,
			);
			runOnlyForDeploymentPostprocessing = 0;
		};
/* End PBXSourcesBuildPhase section */

/* Begin PBXTargetDependency section */
		5A7904431AA8BBFE001D3AAB /* PBXTargetDependency */ = {
			isa = PBXTargetDependency;
			target = 5A7904271AA8BBFE001D3AAB /* Calculator */;
			targetProxy = 5A7904421AA8BBFE001D3AAB /* PBXContainerItemProxy */;
		};
/* End PBXTargetDependency section */

/* Begin PBXVariantGroup section */
		5A7904351AA8BBFE001D3AAB /* Main.storyboard */ = {
			isa = PBXVariantGroup;
			children = (
				5A7904361AA8BBFE001D3AAB /* Base */,
			);
			name = Main.storyboard;
			sourceTree = "<group>";
		};
		5A79043A1AA8BBFE001D3AAB /* LaunchScreen.xib */ = {
			isa = PBXVariantGroup;
			children = (
				5A79043B1AA8BBFE001D3AAB /* Base */,
			);
			name = LaunchScreen.xib;
			sourceTree = "<group>";
		};
/* End PBXVariantGroup section */

/* Begin XCBuildConfiguration section */
		5A7904491AA8BBFE001D3AAB /* Debug */ = {
			isa = XCBuildConfiguration;
			buildSettings = {
				ALWAYS_SEARCH_USER_PATHS = NO;
				CLANG_CXX_LANGUAGE_STANDARD = "gnu++0x";
				CLANG_CXX_LIBRARY = "libc++";
				CLANG_ENABLE_MODULES = YES;
				CLANG_ENABLE_OBJC_ARC = YES;
				CLANG_WARN_BOOL_CONVERSION = YES;
				CLANG_WARN_CONSTANT_CONVERSION = YES;
				CLANG_WARN_DIRECT_OBJC_ISA_USAGE = YES_ERROR;
				CLANG_WARN_EMPTY_BODY = YES;
				CLANG_WARN_ENUM_CONVERSION = YES;
				CLANG_WARN_INT_CONVERSION = YES;
				CLANG_WARN_OBJC_ROOT_CLASS = YES_ERROR;
				CLANG_WARN_UNREACHABLE_CODE = YES;
				CLANG_WARN__DUPLICATE_METHOD_MATCH = YES;
				"CODE_SIGN_IDENTITY[sdk=iphoneos*]" = "iPhone Developer";
				COPY_PHASE_STRIP = NO;
				ENABLE_STRICT_OBJC_MSGSEND = YES;
				GCC_C_LANGUAGE_STANDARD = gnu99;
				GCC_DYNAMIC_NO_PIC = NO;
				GCC_OPTIMIZATION_LEVEL = 0;
				GCC_PREPROCESSOR_DEFINITIONS = (
					"DEBUG=1",
					"$(inherited)",
				);
				GCC_SYMBOLS_PRIVATE_EXTERN = NO;
				GCC_WARN_64_TO_32_BIT_CONVERSION = YES;
				GCC_WARN_ABOUT_RETURN_TYPE = YES_ERROR;
				GCC_WARN_UNDECLARED_SELECTOR = YES;
				GCC_WARN_UNINITIALIZED_AUTOS = YES_AGGRESSIVE;
				GCC_WARN_UNUSED_FUNCTION = YES;
				GCC_WARN_UNUSED_VARIABLE = YES;
				IPHONEOS_DEPLOYMENT_TARGET = 8.1;
				MTL_ENABLE_DEBUG_INFO = YES;
				ONLY_ACTIVE_ARCH = YES;
				SDKROOT = iphoneos;
			};
			name = Debug;
		};
		5A79044A1AA8BBFE001D3AAB /* Release */ = {
			isa = XCBuildConfiguration;
			buildSettings = {
				ALWAYS_SEARCH_USER_PATHS = NO;
				CLANG_CXX_LANGUAGE_STANDARD = "gnu++0x";
				CLANG_CXX_LIBRARY = "libc++";
				CLANG_ENABLE_MODULES = YES;
				CLANG_ENABLE_OBJC_ARC = YES;
				CLANG_WARN_BOOL_CONVERSION = YES;
				CLANG_WARN_CONSTANT_CONVERSION = YES;
				CLANG_WARN_DIRECT_OBJC_ISA_USAGE = YES_ERROR;
				CLANG_WARN_EMPTY_BODY = YES;
				CLANG_WARN_ENUM_CONVERSION = YES;
				CLANG_WARN_INT_CONVERSION = YES;
				CLANG_WARN_OBJC_ROOT_CLASS = YES_ERROR;
				CLANG_WARN_UNREACHABLE_CODE = YES;
				CLANG_WARN__DUPLICATE_METHOD_MATCH = YES;
				"CODE_SIGN_IDENTITY[sdk=iphoneos*]" = "iPhone Developer";
				COPY_PHASE_STRIP = YES;
				ENABLE_NS_ASSERTIONS = NO;
				ENABLE_STRICT_OBJC_MSGSEND = YES;
				GCC_C_LANGUAGE_STANDARD = gnu99;
				GCC_WARN_64_TO_32_BIT_CONVERSION = YES;
				GCC_WARN_ABOUT_RETURN_TYPE = YES_ERROR;
				GCC_WARN_UNDECLARED_SELECTOR = YES;
				GCC_WARN_UNINITIALIZED_AUTOS = YES_AGGRESSIVE;
				GCC_WARN_UNUSED_FUNCTION = YES;
				GCC_WARN_UNUSED_VARIABLE = YES;
				IPHONEOS_DEPLOYMENT_TARGET = 8.1;
				MTL_ENABLE_DEBUG_INFO = NO;
				SDKROOT = iphoneos;
				VALIDATE_PRODUCT = YES;
			};
			name = Release;
		};
		5A79044C1AA8BBFE001D3AAB /* Debug */ = {
			isa = XCBuildConfiguration;
			buildSettings = {
				ASSETCATALOG_COMPILER_APPICON_NAME = AppIcon;
				INFOPLIST_FILE = Calculator/Info.plist;
				LD_RUNPATH_SEARCH_PATHS = "$(inherited) @executable_path/Frameworks";
				PRODUCT_NAME = "$(TARGET_NAME)";
			};
			name = Debug;
		};
		5A79044D1AA8BBFE001D3AAB /* Release */ = {
			isa = XCBuildConfiguration;
			buildSettings = {
				ASSETCATALOG_COMPILER_APPICON_NAME = AppIcon;
				INFOPLIST_FILE = Calculator/Info.plist;
				LD_RUNPATH_SEARCH_PATHS = "$(inherited) @executable_path/Frameworks";
				PRODUCT_NAME = "$(TARGET_NAME)";
			};
			name = Release;
		};
		5A79044F1AA8BBFE001D3AAB /* Debug */ = {
			isa = XCBuildConfiguration;
			buildSettings = {
				BUNDLE_LOADER = "$(TEST_HOST)";
				FRAMEWORK_SEARCH_PATHS = (
					"$(SDKROOT)/Developer/Library/Frameworks",
					"$(inherited)",
				);
				GCC_PREPROCESSOR_DEFINITIONS = (
					"DEBUG=1",
					"$(inherited)",
				);
				INFOPLIST_FILE = CalculatorTests/Info.plist;
				LD_RUNPATH_SEARCH_PATHS = "$(inherited) @executable_path/Frameworks @loader_path/Frameworks";
				PRODUCT_NAME = "$(TARGET_NAME)";
				TEST_HOST = "$(BUILT_PRODUCTS_DIR)/Calculator.app/Calculator";
			};
			name = Debug;
		};
		5A7904501AA8BBFE001D3AAB /* Release */ = {
			isa = XCBuildConfiguration;
			buildSettings = {
				BUNDLE_LOADER = "$(TEST_HOST)";
				FRAMEWORK_SEARCH_PATHS = (
					"$(SDKROOT)/Developer/Library/Frameworks",
					"$(inherited)",
				);
				INFOPLIST_FILE = CalculatorTests/Info.plist;
				LD_RUNPATH_SEARCH_PATHS = "$(inherited) @executable_path/Frameworks @loader_path/Frameworks";
				PRODUCT_NAME = "$(TARGET_NAME)";
				TEST_HOST = "$(BUILT_PRODUCTS_DIR)/Calculator.app/Calculator";
			};
			name = Release;
		};
/* End XCBuildConfiguration section */

/* Begin XCConfigurationList section */
		5A7904231AA8BBFE001D3AAB /* Build configuration list for PBXProject "Calculator" */ = {
			isa = XCConfigurationList;
			buildConfigurations = (
				5A7904491AA8BBFE001D3AAB /* Debug */,
				5A79044A1AA8BBFE001D3AAB /* Release */,
			);
			defaultConfigurationIsVisible = 0;
			defaultConfigurationName = Release;
		};
		5A79044B1AA8BBFE001D3AAB /* Build configuration list for PBXNativeTarget "Calculator" */ = {
			isa = XCConfigurationList;
			buildConfigurations = (
				5A79044C1AA8BBFE001D3AAB /* Debug */,
				5A79044D1AA8BBFE001D3AAB /* Release */,
			);
			defaultConfigurationIsVisible = 0;
		};
		5A79044E1AA8BBFE001D3AAB /* Build configuration list for PBXNativeTarget "CalculatorTests" */ = {
			isa = XCConfigurationList;
			buildConfigurations = (
				5A79044F1AA8BBFE001D3AAB /* Debug */,
				5A7904501AA8BBFE001D3AAB /* Release */,
			);
			defaultConfigurationIsVisible = 0;
		};
/* End XCConfigurationList section */
	};
	rootObject = 5A7904201AA8BBFE001D3AAB /* Project object */;
}
